
Microsoft Visual Studio Solution File, Format Version 12.00
# Visual Studio Version 17
VisualStudioVersion = 17.5.002.0
MinimumVisualStudioVersion = 10.0.40219.1
Project("{9A19103F-16F7-4668-BE54-9A1E7A4F7556}") = "game", "game.csproj", "{DA6C6F48-82F4-458F-B575-8F6626D77C6C}"
EndProject
Global
	GlobalSection(SolutionConfigurationPlatforms) = preSolution
		Debug|Any CPU = Debug|Any CPU
		Release|Any CPU = Release|Any CPU
	EndGlobalSection
	GlobalSection(ProjectConfigurationPlatforms) = postSolution
		{DA6C6F48-82F4-458F-B575-8F6626D77C6C}.Debug|Any CPU.ActiveCfg = Debug|Any CPU
		{DA6C6F48-82F4-458F-B575-8F6626D77C6C}.Debug|Any CPU.Build.0 = Debug|Any CPU
		{DA6C6F48-82F4-458F-B575-8F6626D77C6C}.Release|Any CPU.ActiveCfg = Release|Any CPU
		{DA6C6F48-82F4-458F-B575-8F6626D77C6C}.Release|Any CPU.Build.0 = Release|Any CPU
	EndGlobalSection
	GlobalSection(SolutionProperties) = preSolution
		HideSolutionNode = FALSE
	EndGlobalSection
	GlobalSection(ExtensibilityGlobals) = postSolution
		SolutionGuid = {A4FAC5D8-50B5-46BA-9B13-C81787AA0387}
	EndGlobalSection
EndGlobal
